// !$*UTF8*$!
{
	archiveVersion = 1;
	classes = {
	};
	objectVersion = 50;
	objects = {

/* Begin PBXBuildFile section */
		FD0867652177301200990757 /* AppDelegate.m in Sources */ = {isa = PBXBuildFile; fileRef = FD0867642177301200990757 /* AppDelegate.m */; };
		FD0867682177301200990757 /* ViewController.m in Sources */ = {isa = PBXBuildFile; fileRef = FD0867672177301200990757 /* ViewController.m */; };
		FD08676B2177301200990757 /* Main.storyboard in Resources */ = {isa = PBXBuildFile; fileRef = FD0867692177301200990757 /* Main.storyboard */; };
		FD08676D2177301200990757 /* Assets.xcassets in Resources */ = {isa = PBXBuildFile; fileRef = FD08676C2177301200990757 /* Assets.xcassets */; };
		FD0867702177301200990757 /* LaunchScreen.storyboard in Resources */ = {isa = PBXBuildFile; fileRef = FD08676E2177301200990757 /* LaunchScreen.storyboard */; };
		FD0867732177301200990757 /* main.m in Sources */ = {isa = PBXBuildFile; fileRef = FD0867722177301200990757 /* main.m */; };
		FD08677D2177301200990757 /* DPWidgetSumTests.m in Sources */ = {isa = PBXBuildFile; fileRef = FD08677C2177301200990757 /* DPWidgetSumTests.m */; };
		FD0867882177301300990757 /* DPWidgetSumUITests.m in Sources */ = {isa = PBXBuildFile; fileRef = FD0867872177301300990757 /* DPWidgetSumUITests.m */; };
		FD0867982177309B00990757 /* CustomImageTextButton.m in Sources */ = {isa = PBXBuildFile; fileRef = FD0867962177309B00990757 /* CustomImageTextButton.m */; };
		FD08679B217730B200990757 /* 911@2x.png in Resources */ = {isa = PBXBuildFile; fileRef = FD086799217730B100990757 /* 911@2x.png */; };
		FD08679C217730B200990757 /* 99@2x.png in Resources */ = {isa = PBXBuildFile; fileRef = FD08679A217730B200990757 /* 99@2x.png */; };
/* End PBXBuildFile section */

/* Begin PBXContainerItemProxy section */
		FD0867792177301200990757 /* PBXContainerItemProxy */ = {
			isa = PBXContainerItemProxy;
			containerPortal = FD0867582177301200990757 /* Project object */;
			proxyType = 1;
			remoteGlobalIDString = FD08675F2177301200990757;
			remoteInfo = DPWidgetSum;
		};
		FD0867842177301300990757 /* PBXContainerItemProxy */ = {
			isa = PBXContainerItemProxy;
			containerPortal = FD0867582177301200990757 /* Project object */;
			proxyType = 1;
			remoteGlobalIDString = FD08675F2177301200990757;
			remoteInfo = DPWidgetSum;
		};
/* End PBXContainerItemProxy section */

/* Begin PBXFileReference section */
		FD0867602177301200990757 /* DPWidgetSum.app */ = {isa = PBXFileReference; explicitFileType = wrapper.application; includeInIndex = 0; path = DPWidgetSum.app; sourceTree = BUILT_PRODUCTS_DIR; };
		FD0867632177301200990757 /* AppDelegate.h */ = {isa = PBXFileReference; lastKnownFileType = sourcecode.c.h; path = AppDelegate.h; sourceTree = "<group>"; };
		FD0867642177301200990757 /* AppDelegate.m */ = {isa = PBXFileReference; lastKnownFileType = sourcecode.c.objc; path = AppDelegate.m; sourceTree = "<group>"; };
		FD0867662177301200990757 /* ViewController.h */ = {isa = PBXFileReference; lastKnownFileType = sourcecode.c.h; path = ViewController.h; sourceTree = "<group>"; };
		FD0867672177301200990757 /* ViewController.m */ = {isa = PBXFileReference; lastKnownFileType = sourcecode.c.objc; path = ViewController.m; sourceTree = "<group>"; };
		FD08676A2177301200990757 /* Base */ = {isa = PBXFileReference; lastKnownFileType = file.storyboard; name = Base; path = Base.lproj/Main.storyboard; sourceTree = "<group>"; };
		FD08676C2177301200990757 /* Assets.xcassets */ = {isa = PBXFileReference; lastKnownFileType = folder.assetcatalog; path = Assets.xcassets; sourceTree = "<group>"; };
		FD08676F2177301200990757 /* Base */ = {isa = PBXFileReference; lastKnownFileType = file.storyboard; name = Base; path = Base.lproj/LaunchScreen.storyboard; sourceTree = "<group>"; };
		FD0867712177301200990757 /* Info.plist */ = {isa = PBXFileReference; lastKnownFileType = text.plist.xml; path = Info.plist; sourceTree = "<group>"; };
		FD0867722177301200990757 /* main.m */ = {isa = PBXFileReference; lastKnownFileType = sourcecode.c.objc; path = main.m; sourceTree = "<group>"; };
		FD0867782177301200990757 /* DPWidgetSumTests.xctest */ = {isa = PBXFileReference; explicitFileType = wrapper.cfbundle; includeInIndex = 0; path = DPWidgetSumTests.xctest; sourceTree = BUILT_PRODUCTS_DIR; };
		FD08677C2177301200990757 /* DPWidgetSumTests.m */ = {isa = PBXFileReference; lastKnownFileType = sourcecode.c.objc; path = DPWidgetSumTests.m; sourceTree = "<group>"; };
		FD08677E2177301300990757 /* Info.plist */ = {isa = PBXFileReference; lastKnownFileType = text.plist.xml; path = Info.plist; sourceTree = "<group>"; };
		FD0867832177301300990757 /* DPWidgetSumUITests.xctest */ = {isa = PBXFileReference; explicitFileType = wrapper.cfbundle; includeInIndex = 0; path = DPWidgetSumUITests.xctest; sourceTree = BUILT_PRODUCTS_DIR; };
		FD0867872177301300990757 /* DPWidgetSumUITests.m */ = {isa = PBXFileReference; lastKnownFileType = sourcecode.c.objc; path = DPWidgetSumUITests.m; sourceTree = "<group>"; };
		FD0867892177301300990757 /* Info.plist */ = {isa = PBXFileReference; lastKnownFileType = text.plist.xml; path = Info.plist; sourceTree = "<group>"; };
		FD0867962177309B00990757 /* CustomImageTextButton.m */ = {isa = PBXFileReference; fileEncoding = 4; lastKnownFileType = sourcecode.c.objc; path = CustomImageTextButton.m; sourceTree = "<group>"; };
		FD0867972177309B00990757 /* CustomImageTextButton.h */ = {isa = PBXFileReference; fileEncoding = 4; lastKnownFileType = sourcecode.c.h; path = CustomImageTextButton.h; sourceTree = "<group>"; };
		FD086799217730B100990757 /* 911@2x.png */ = {isa = PBXFileReference; lastKnownFileType = image.png; path = "911@2x.png"; sourceTree = "<group>"; };
		FD08679A217730B200990757 /* 99@2x.png */ = {isa = PBXFileReference; lastKnownFileType = image.png; path = "99@2x.png"; sourceTree = "<group>"; };
/* End PBXFileReference section */

/* Begin PBXFrameworksBuildPhase section */
		FD08675D2177301200990757 /* Frameworks */ = {
			isa = PBXFrameworksBuildPhase;
			buildActionMask = 2147483647;
			files = (
			);
			runOnlyForDeploymentPostprocessing = 0;
		};
		FD0867752177301200990757 /* Frameworks */ = {
			isa = PBXFrameworksBuildPhase;
			buildActionMask = 2147483647;
			files = (
			);
			runOnlyForDeploymentPostprocessing = 0;
		};
		FD0867802177301300990757 /* Frameworks */ = {
			isa = PBXFrameworksBuildPhase;
			buildActionMask = 2147483647;
			files = (
			);
			runOnlyForDeploymentPostprocessing = 0;
		};
/* End PBXFrameworksBuildPhase section */

/* Begin PBXGroup section */
		FD0867572177301200990757 = {
			isa = PBXGroup;
			children = (
				FD0867622177301200990757 /* DPWidgetSum */,
				FD08677B2177301200990757 /* DPWidgetSumTests */,
				FD0867862177301300990757 /* DPWidgetSumUITests */,
				FD0867612177301200990757 /* Products */,
			);
			sourceTree = "<group>";
		};
		FD0867612177301200990757 /* Products */ = {
			isa = PBXGroup;
			children = (
				FD0867602177301200990757 /* DPWidgetSum.app */,
				FD0867782177301200990757 /* DPWidgetSumTests.xctest */,
				FD0867832177301300990757 /* DPWidgetSumUITests.xctest */,
			);
			name = Products;
			sourceTree = "<group>";
		};
		FD0867622177301200990757 /* DPWidgetSum */ = {
			isa = PBXGroup;
			children = (
				FD0867952177309B00990757 /* CustomImageTextButton */,
				FD0867632177301200990757 /* AppDelegate.h */,
				FD0867642177301200990757 /* AppDelegate.m */,
				FD0867662177301200990757 /* ViewController.h */,
				FD0867672177301200990757 /* ViewController.m */,
				FD0867692177301200990757 /* Main.storyboard */,
				FD08676C2177301200990757 /* Assets.xcassets */,
				FD08676E2177301200990757 /* LaunchScreen.storyboard */,
				FD0867712177301200990757 /* Info.plist */,
				FD0867722177301200990757 /* main.m */,
				FD08679A217730B200990757 /* 99@2x.png */,
				FD086799217730B100990757 /* 911@2x.png */,
			);
			path = DPWidgetSum;
			sourceTree = "<group>";
		};
		FD08677B2177301200990757 /* DPWidgetSumTests */ = {
			isa = PBXGroup;
			children = (
				FD08677C2177301200990757 /* DPWidgetSumTests.m */,
				FD08677E2177301300990757 /* Info.plist */,
			);
			path = DPWidgetSumTests;
			sourceTree = "<group>";
		};
		FD0867862177301300990757 /* DPWidgetSumUITests */ = {
			isa = PBXGroup;
			children = (
				FD0867872177301300990757 /* DPWidgetSumUITests.m */,
				FD0867892177301300990757 /* Info.plist */,
			);
			path = DPWidgetSumUITests;
			sourceTree = "<group>";
		};
		FD0867952177309B00990757 /* CustomImageTextButton */ = {
			isa = PBXGroup;
			children = (
				FD0867962177309B00990757 /* CustomImageTextButton.m */,
				FD0867972177309B00990757 /* CustomImageTextButton.h */,
			);
			path = CustomImageTextButton;
			sourceTree = "<group>";
		};
/* End PBXGroup section */

/* Begin PBXNativeTarget section */
		FD08675F2177301200990757 /* DPWidgetSum */ = {
			isa = PBXNativeTarget;
			buildConfigurationList = FD08678C2177301300990757 /* Build configuration list for PBXNativeTarget "DPWidgetSum" */;
			buildPhases = (
				FD08675C2177301200990757 /* Sources */,
				FD08675D2177301200990757 /* Frameworks */,
				FD08675E2177301200990757 /* Resources */,
			);
			buildRules = (
			);
			dependencies = (
			);
			name = DPWidgetSum;
			productName = DPWidgetSum;
			productReference = FD0867602177301200990757 /* DPWidgetSum.app */;
			productType = "com.apple.product-type.application";
		};
		FD0867772177301200990757 /* DPWidgetSumTests */ = {
			isa = PBXNativeTarget;
			buildConfigurationList = FD08678F2177301300990757 /* Build configuration list for PBXNativeTarget "DPWidgetSumTests" */;
			buildPhases = (
				FD0867742177301200990757 /* Sources */,
				FD0867752177301200990757 /* Frameworks */,
				FD0867762177301200990757 /* Resources */,
			);
			buildRules = (
			);
			dependencies = (
				FD08677A2177301200990757 /* PBXTargetDependency */,
			);
			name = DPWidgetSumTests;
			productName = DPWidgetSumTests;
			productReference = FD0867782177301200990757 /* DPWidgetSumTests.xctest */;
			productType = "com.apple.product-type.bundle.unit-test";
		};
		FD0867822177301300990757 /* DPWidgetSumUITests */ = {
			isa = PBXNativeTarget;
			buildConfigurationList = FD0867922177301300990757 /* Build configuration list for PBXNativeTarget "DPWidgetSumUITests" */;
			buildPhases = (
				FD08677F2177301300990757 /* Sources */,
				FD0867802177301300990757 /* Frameworks */,
				FD0867812177301300990757 /* Resources */,
			);
			buildRules = (
			);
			dependencies = (
				FD0867852177301300990757 /* PBXTargetDependency */,
			);
			name = DPWidgetSumUITests;
			productName = DPWidgetSumUITests;
			productReference = FD0867832177301300990757 /* DPWidgetSumUITests.xctest */;
			productType = "com.apple.product-type.bundle.ui-testing";
		};
/* End PBXNativeTarget section */

/* Begin PBXProject section */
		FD0867582177301200990757 /* Project object */ = {
			isa = PBXProject;
			attributes = {
				LastUpgradeCheck = 0940;
				ORGANIZATIONNAME = "yupeng xia";
				TargetAttributes = {
					FD08675F2177301200990757 = {
						CreatedOnToolsVersion = 9.4.1;
					};
					FD0867772177301200990757 = {
						CreatedOnToolsVersion = 9.4.1;
						TestTargetID = FD08675F2177301200990757;
					};
					FD0867822177301300990757 = {
						CreatedOnToolsVersion = 9.4.1;
						TestTargetID = FD08675F2177301200990757;
					};
				};
			};
			buildConfigurationList = FD08675B2177301200990757 /* Build configuration list for PBXProject "DPWidgetSum" */;
			compatibilityVersion = "Xcode 9.3";
			developmentRegion = en;
			hasScannedForEncodings = 0;
			knownRegions = (
				en,
				Base,
			);
			mainGroup = FD0867572177301200990757;
			productRefGroup = FD0867612177301200990757 /* Products */;
			projectDirPath = "";
			projectRoot = "";
			targets = (
				FD08675F2177301200990757 /* DPWidgetSum */,
				FD0867772177301200990757 /* DPWidgetSumTests */,
				FD0867822177301300990757 /* DPWidgetSumUITests */,
			);
		};
/* End PBXProject section */

/* Begin PBXResourcesBuildPhase section */
		FD08675E2177301200990757 /* Resources */ = {
			isa = PBXResourcesBuildPhase;
			buildActionMask = 2147483647;
			files = (
				FD0867702177301200990757 /* LaunchScreen.storyboard in Resources */,
				FD08679C217730B200990757 /* 99@2x.png in Resources */,
				FD08676D2177301200990757 /* Assets.xcassets in Resources */,
				FD08679B217730B200990757 /* 911@2x.png in Resources */,
				FD08676B2177301200990757 /* Main.storyboard in Resources */,
			);
			runOnlyForDeploymentPostprocessing = 0;
		};
		FD0867762177301200990757 /* Resources */ = {
			isa = PBXResourcesBuildPhase;
			buildActionMask = 2147483647;
			files = (
			);
			runOnlyForDeploymentPostprocessing = 0;
		};
		FD0867812177301300990757 /* Resources */ = {
			isa = PBXResourcesBuildPhase;
			buildActionMask = 2147483647;
			files = (
			);
			runOnlyForDeploymentPostprocessing = 0;
		};
/* End PBXResourcesBuildPhase section */

/* Begin PBXSourcesBuildPhase section */
		FD08675C2177301200990757 /* Sources */ = {
			isa = PBXSourcesBuildPhase;
			buildActionMask = 2147483647;
			files = (
				FD0867682177301200990757 /* ViewController.m in Sources */,
				FD0867982177309B00990757 /* CustomImageTextButton.m in Sources */,
				FD0867732177301200990757 /* main.m in Sources */,
				FD0867652177301200990757 /* AppDelegate.m in Sources */,
			);
			runOnlyForDeploymentPostprocessing = 0;
		};
		FD0867742177301200990757 /* Sources */ = {
			isa = PBXSourcesBuildPhase;
			buildActionMask = 2147483647;
			files = (
				FD08677D2177301200990757 /* DPWidgetSumTests.m in Sources */,
			);
			runOnlyForDeploymentPostprocessing = 0;
		};
		FD08677F2177301300990757 /* Sources */ = {
			isa = PBXSourcesBuildPhase;
			buildActionMask = 2147483647;
			files = (
				FD0867882177301300990757 /* DPWidgetSumUITests.m in Sources */,
			);
			runOnlyForDeploymentPostprocessing = 0;
		};
/* End PBXSourcesBuildPhase section */

/* Begin PBXTargetDependency section */
		FD08677A2177301200990757 /* PBXTargetDependency */ = {
			isa = PBXTargetDependency;
			target = FD08675F2177301200990757 /* DPWidgetSum */;
			targetProxy = FD0867792177301200990757 /* PBXContainerItemProxy */;
		};
		FD0867852177301300990757 /* PBXTargetDependency */ = {
			isa = PBXTargetDependency;
			target = FD08675F2177301200990757 /* DPWidgetSum */;
			targetProxy = FD0867842177301300990757 /* PBXContainerItemProxy */;
		};
/* End PBXTargetDependency section */

/* Begin PBXVariantGroup section */
		FD0867692177301200990757 /* Main.storyboard */ = {
			isa = PBXVariantGroup;
			children = (
				FD08676A2177301200990757 /* Base */,
			);
			name = Main.storyboard;
			sourceTree = "<group>";
		};
		FD08676E2177301200990757 /* LaunchScreen.storyboard */ = {
			isa = PBXVariantGroup;
			children = (
				FD08676F2177301200990757 /* Base */,
			);
			name = LaunchScreen.storyboard;
			sourceTree = "<group>";
		};
/* End PBXVariantGroup section */

/* Begin XCBuildConfiguration section */
		FD08678A2177301300990757 /* Debug */ = {
			isa = XCBuildConfiguration;
			buildSettings = {
				ALWAYS_SEARCH_USER_PATHS = NO;
				CLANG_ANALYZER_NONNULL = YES;
				CLANG_ANALYZER_NUMBER_OBJECT_CONVERSION = YES_AGGRESSIVE;
				CLANG_CXX_LANGUAGE_STANDARD = "gnu++14";
				CLANG_CXX_LIBRARY = "libc++";
				CLANG_ENABLE_MODULES = YES;
				CLANG_ENABLE_OBJC_ARC = YES;
				CLANG_ENABLE_OBJC_WEAK = YES;
				CLANG_WARN_BLOCK_CAPTURE_AUTORELEASING = YES;
				CLANG_WARN_BOOL_CONVERSION = YES;
				CLANG_WARN_COMMA = YES;
				CLANG_WARN_CONSTANT_CONVERSION = YES;
				CLANG_WARN_DEPRECATED_OBJC_IMPLEMENTATIONS = YES;
				CLANG_WARN_DIRECT_OBJC_ISA_USAGE = YES_ERROR;
				CLANG_WARN_DOCUMENTATION_COMMENTS = YES;
				CLANG_WARN_EMPTY_BODY = YES;
				CLANG_WARN_ENUM_CONVERSION = YES;
				CLANG_WARN_INFINITE_RECURSION = YES;
				CLANG_WARN_INT_CONVERSION = YES;
				CLANG_WARN_NON_LITERAL_NULL_CONVERSION = YES;
				CLANG_WARN_OBJC_IMPLICIT_RETAIN_SELF = YES;
				CLANG_WARN_OBJC_LITERAL_CONVERSION = YES;
				CLANG_WARN_OBJC_ROOT_CLASS = YES_ERROR;
				CLANG_WARN_RANGE_LOOP_ANALYSIS = YES;
				CLANG_WARN_STRICT_PROTOTYPES = YES;
				CLANG_WARN_SUSPICIOUS_MOVE = YES;
				CLANG_WARN_UNGUARDED_AVAILABILITY = YES_AGGRESSIVE;
				CLANG_WARN_UNREACHABLE_CODE = YES;
				CLANG_WARN__DUPLICATE_METHOD_MATCH = YES;
				CODE_SIGN_IDENTITY = "iPhone Developer";
				COPY_PHASE_STRIP = NO;
				DEBUG_INFORMATION_FORMAT = dwarf;
				ENABLE_STRICT_OBJC_MSGSEND = YES;
				ENABLE_TESTABILITY = YES;
				GCC_C_LANGUAGE_STANDARD = gnu11;
				GCC_DYNAMIC_NO_PIC = NO;
				GCC_NO_COMMON_BLOCKS = YES;
				GCC_OPTIMIZATION_LEVEL = 0;
				GCC_PREPROCESSOR_DEFINITIONS = (
					"DEBUG=1",
					"$(inherited)",
				);
				GCC_WARN_64_TO_32_BIT_CONVERSION = YES;
				GCC_WARN_ABOUT_RETURN_TYPE = YES_ERROR;
				GCC_WARN_UNDECLARED_SELECTOR = YES;
				GCC_WARN_UNINITIALIZED_AUTOS = YES_AGGRESSIVE;
				GCC_WARN_UNUSED_FUNCTION = YES;
				GCC_WARN_UNUSED_VARIABLE = YES;
				IPHONEOS_DEPLOYMENT_TARGET = 11.4;
				MTL_ENABLE_DEBUG_INFO = YES;
				ONLY_ACTIVE_ARCH = YES;
				SDKROOT = iphoneos;
			};
			name = Debug;
		};
		FD08678B2177301300990757 /* Release */ = {
			isa = XCBuildConfiguration;
			buildSettings = {
				ALWAYS_SEARCH_USER_PATHS = NO;
				CLANG_ANALYZER_NONNULL = YES;
				CLANG_ANALYZER_NUMBER_OBJECT_CONVERSION = YES_AGGRESSIVE;
				CLANG_CXX_LANGUAGE_STANDARD = "gnu++14";
				CLANG_CXX_LIBRARY = "libc++";
				CLANG_ENABLE_MODULES = YES;
				CLANG_ENABLE_OBJC_ARC = YES;
				CLANG_ENABLE_OBJC_WEAK = YES;
				CLANG_WARN_BLOCK_CAPTURE_AUTORELEASING = YES;
				CLANG_WARN_BOOL_CONVERSION = YES;
				CLANG_WARN_COMMA = YES;
				CLANG_WARN_CONSTANT_CONVERSION = YES;
				CLANG_WARN_DEPRECATED_OBJC_IMPLEMENTATIONS = YES;
				CLANG_WARN_DIRECT_OBJC_ISA_USAGE = YES_ERROR;
				CLANG_WARN_DOCUMENTATION_COMMENTS = YES;
				CLANG_WARN_EMPTY_BODY = YES;
				CLANG_WARN_ENUM_CONVERSION = YES;
				CLANG_WARN_INFINITE_RECURSION = YES;
				CLANG_WARN_INT_CONVERSION = YES;
				CLANG_WARN_NON_LITERAL_NULL_CONVERSION = YES;
				CLANG_WARN_OBJC_IMPLICIT_RETAIN_SELF = YES;
				CLANG_WARN_OBJC_LITERAL_CONVERSION = YES;
				CLANG_WARN_OBJC_ROOT_CLASS = YES_ERROR;
				CLANG_WARN_RANGE_LOOP_ANALYSIS = YES;
				CLANG_WARN_STRICT_PROTOTYPES = YES;
				CLANG_WARN_SUSPICIOUS_MOVE = YES;
				CLANG_WARN_UNGUARDED_AVAILABILITY = YES_AGGRESSIVE;
				CLANG_WARN_UNREACHABLE_CODE = YES;
				CLANG_WARN__DUPLICATE_METHOD_MATCH = YES;
				CODE_SIGN_IDENTITY = "iPhone Developer";
				COPY_PHASE_STRIP = NO;
				DEBUG_INFORMATION_FORMAT = "dwarf-with-dsym";
				ENABLE_NS_ASSERTIONS = NO;
				ENABLE_STRICT_OBJC_MSGSEND = YES;
				GCC_C_LANGUAGE_STANDARD = gnu11;
				GCC_NO_COMMON_BLOCKS = YES;
				GCC_WARN_64_TO_32_BIT_CONVERSION = YES;
				GCC_WARN_ABOUT_RETURN_TYPE = YES_ERROR;
				GCC_WARN_UNDECLARED_SELECTOR = YES;
				GCC_WARN_UNINITIALIZED_AUTOS = YES_AGGRESSIVE;
				GCC_WARN_UNUSED_FUNCTION = YES;
				GCC_WARN_UNUSED_VARIABLE = YES;
				IPHONEOS_DEPLOYMENT_TARGET = 11.4;
				MTL_ENABLE_DEBUG_INFO = NO;
				SDKROOT = iphoneos;
				VALIDATE_PRODUCT = YES;
			};
			name = Release;
		};
		FD08678D2177301300990757 /* Debug */ = {
			isa = XCBuildConfiguration;
			buildSettings = {
				ASSETCATALOG_COMPILER_APPICON_NAME = AppIcon;
				CODE_SIGN_STYLE = Automatic;
				DEVELOPMENT_TEAM = 99C8L96EFT;
				INFOPLIST_FILE = DPWidgetSum/Info.plist;
				LD_RUNPATH_SEARCH_PATHS = (
					"$(inherited)",
					"@executable_path/Frameworks",
				);
				PRODUCT_BUNDLE_IDENTIFIER = test.DPWidgetSum;
				PRODUCT_NAME = "$(TARGET_NAME)";
				TARGETED_DEVICE_FAMILY = "1,2";
			};
			name = Debug;
		};
		FD08678E2177301300990757 /* Release */ = {
			isa = XCBuildConfiguration;
			buildSettings = {
				ASSETCATALOG_COMPILER_APPICON_NAME = AppIcon;
				CODE_SIGN_STYLE = Automatic;
				DEVELOPMENT_TEAM = 99C8L96EFT;
				INFOPLIST_FILE = DPWidgetSum/Info.plist;
				LD_RUNPATH_SEARCH_PATHS = (
					"$(inherited)",
					"@executable_path/Frameworks",
				);
				PRODUCT_BUNDLE_IDENTIFIER = test.DPWidgetSum;
				PRODUCT_NAME = "$(TARGET_NAME)";
				TARGETED_DEVICE_FAMILY = "1,2";
			};
			name = Release;
		};
		FD0867902177301300990757 /* Debug */ = {
			isa = XCBuildConfiguration;
			buildSettings = {
				BUNDLE_LOADER = "$(TEST_HOST)";
				CODE_SIGN_STYLE = Automatic;
				DEVELOPMENT_TEAM = 99C8L96EFT;
				INFOPLIST_FILE = DPWidgetSumTests/Info.plist;
				LD_RUNPATH_SEARCH_PATHS = (
					"$(inherited)",
					"@executable_path/Frameworks",
					"@loader_path/Frameworks",
				);
				PRODUCT_BUNDLE_IDENTIFIER = test.DPWidgetSumTests;
				PRODUCT_NAME = "$(TARGET_NAME)";
				TARGETED_DEVICE_FAMILY = "1,2";
				TEST_HOST = "$(BUILT_PRODUCTS_DIR)/DPWidgetSum.app/DPWidgetSum";
			};
			name = Debug;
		};
		FD0867912177301300990757 /* Release */ = {
			isa = XCBuildConfiguration;
			buildSettings = {
				BUNDLE_LOADER = "$(TEST_HOST)";
				CODE_SIGN_STYLE = Automatic;
				DEVELOPMENT_TEAM = 99C8L96EFT;
				INFOPLIST_FILE = DPWidgetSumTests/Info.plist;
				LD_RUNPATH_SEARCH_PATHS = (
					"$(inherited)",
					"@executable_path/Frameworks",
					"@loader_path/Frameworks",
				);
				PRODUCT_BUNDLE_IDENTIFIER = test.DPWidgetSumTests;
				PRODUCT_NAME = "$(TARGET_NAME)";
				TARGETED_DEVICE_FAMILY = "1,2";
				TEST_HOST = "$(BUILT_PRODUCTS_DIR)/DPWidgetSum.app/DPWidgetSum";
			};
			name = Release;
		};
		FD0867932177301300990757 /* Debug */ = {
			isa = XCBuildConfiguration;
			buildSettings = {
				CODE_SIGN_STYLE = Automatic;
				DEVELOPMENT_TEAM = 99C8L96EFT;
				INFOPLIST_FILE = DPWidgetSumUITests/Info.plist;
				LD_RUNPATH_SEARCH_PATHS = (
					"$(inherited)",
					"@executable_path/Frameworks",
					"@loader_path/Frameworks",
				);
				PRODUCT_BUNDLE_IDENTIFIER = test.DPWidgetSumUITests;
				PRODUCT_NAME = "$(TARGET_NAME)";
				TARGETED_DEVICE_FAMILY = "1,2";
				TEST_TARGET_NAME = DPWidgetSum;
			};
			name = Debug;
		};
		FD0867942177301300990757 /* Release */ = {
			isa = XCBuildConfiguration;
			buildSettings = {
				CODE_SIGN_STYLE = Automatic;
				DEVELOPMENT_TEAM = 99C8L96EFT;
				INFOPLIST_FILE = DPWidgetSumUITests/Info.plist;
				LD_RUNPATH_SEARCH_PATHS = (
					"$(inherited)",
					"@executable_path/Frameworks",
					"@loader_path/Frameworks",
				);
				PRODUCT_BUNDLE_IDENTIFIER = test.DPWidgetSumUITests;
				PRODUCT_NAME = "$(TARGET_NAME)";
				TARGETED_DEVICE_FAMILY = "1,2";
				TEST_TARGET_NAME = DPWidgetSum;
			};
			name = Release;
		};
/* End XCBuildConfiguration section */

/* Begin XCConfigurationList section */
		FD08675B2177301200990757 /* Build configuration list for PBXProject "DPWidgetSum" */ = {
			isa = XCConfigurationList;
			buildConfigurations = (
				FD08678A2177301300990757 /* Debug */,
				FD08678B2177301300990757 /* Release */,
			);
			defaultConfigurationIsVisible = 0;
			defaultConfigurationName = Release;
		};
		FD08678C2177301300990757 /* Build configuration list for PBXNativeTarget "DPWidgetSum" */ = {
			isa = XCConfigurationList;
			buildConfigurations = (
				FD08678D2177301300990757 /* Debug */,
				FD08678E2177301300990757 /* Release */,
			);
			defaultConfigurationIsVisible = 0;
			defaultConfigurationName = Release;
		};
		FD08678F2177301300990757 /* Build configuration list for PBXNativeTarget "DPWidgetSumTests" */ = {
			isa = XCConfigurationList;
			buildConfigurations = (
				FD0867902177301300990757 /* Debug */,
				FD0867912177301300990757 /* Release */,
			);
			defaultConfigurationIsVisible = 0;
			defaultConfigurationName = Release;
		};
		FD0867922177301300990757 /* Build configuration list for PBXNativeTarget "DPWidgetSumUITests" */ = {
			isa = XCConfigurationList;
			buildConfigurations = (
				FD0867932177301300990757 /* Debug */,
				FD0867942177301300990757 /* Release */,
			);
			defaultConfigurationIsVisible = 0;
			defaultConfigurationName = Release;
		};
/* End XCConfigurationList section */
	};
	rootObject = FD0867582177301200990757 /* Project object */;
}
